
Microsoft Visual Studio Solution File, Format Version 12.00
# Visual Studio Version 16
VisualStudioVersion = 16.0.30804.86
MinimumVisualStudioVersion = 10.0.40219.1
Project("{FAE04EC0-301F-11D3-BF4B-00C04F79EFBC}") = "A2-Group19", "A2-Group19\A2-Group19.csproj", "{4C73A920-13B9-4D22-B423-D8ADA2CA161E}"
EndProject
Global
	GlobalSection(SolutionConfigurationPlatforms) = preSolution
		Debug|Any CPU = Debug|Any CPU
		Release|Any CPU = Release|Any CPU
	EndGlobalSection
	GlobalSection(ProjectConfigurationPlatforms) = postSolution
		{4C73A920-13B9-4D22-B423-D8ADA2CA161E}.Debug|Any CPU.ActiveCfg = Debug|Any CPU
		{4C73A920-13B9-4D22-B423-D8ADA2CA161E}.Debug|Any CPU.Build.0 = Debug|Any CPU
		{4C73A920-13B9-4D22-B423-D8ADA2CA161E}.Release|Any CPU.ActiveCfg = Release|Any CPU
		{4C73A920-13B9-4D22-B423-D8ADA2CA161E}.Release|Any CPU.Build.0 = Release|Any CPU
	EndGlobalSection
	GlobalSection(SolutionProperties) = preSolution
		HideSolutionNode = FALSE
	EndGlobalSection
	GlobalSection(ExtensibilityGlobals) = postSolution
		SolutionGuid = {AB9C05F5-3F3B-4992-A3DE-287DAD729638}
	EndGlobalSection
EndGlobal
